
Microsoft Visual Studio Solution File, Format Version 12.00
# Visual Studio Version 16
VisualStudioVersion = 16.0.30503.244
MinimumVisualStudioVersion = 10.0.40219.1
Project("{FAE04EC0-301F-11D3-BF4B-00C04F79EFBC}") = "ICT3101_Calculator.UnitTests", "ICT3101_Calculator.UnitTests\ICT3101_Calculator.UnitTests.csproj", "{060A8EE1-9555-4132-B1E0-60FCCD15E0D3}"
	ProjectSection(ProjectDependencies) = postProject
		{4D0D6853-72A7-4DAC-A663-01DECB067B0D} = {4D0D6853-72A7-4DAC-A663-01DECB067B0D}
	EndProjectSection
EndProject
Project("{FAE04EC0-301F-11D3-BF4B-00C04F79EFBC}") = "ICT3101_Calculator", "ICT3101_Calculator\ICT3101_Calculator.csproj", "{4D0D6853-72A7-4DAC-A663-01DECB067B0D}"
EndProject
Global
	GlobalSection(SolutionConfigurationPlatforms) = preSolution
		Debug|Any CPU = Debug|Any CPU
		Release|Any CPU = Release|Any CPU
	EndGlobalSection
	GlobalSection(ProjectConfigurationPlatforms) = postSolution
		{060A8EE1-9555-4132-B1E0-60FCCD15E0D3}.Debug|Any CPU.ActiveCfg = Debug|Any CPU
		{060A8EE1-9555-4132-B1E0-60FCCD15E0D3}.Debug|Any CPU.Build.0 = Debug|Any CPU
		{060A8EE1-9555-4132-B1E0-60FCCD15E0D3}.Release|Any CPU.ActiveCfg = Release|Any CPU
		{060A8EE1-9555-4132-B1E0-60FCCD15E0D3}.Release|Any CPU.Build.0 = Release|Any CPU
		{4D0D6853-72A7-4DAC-A663-01DECB067B0D}.Debug|Any CPU.ActiveCfg = Debug|Any CPU
		{4D0D6853-72A7-4DAC-A663-01DECB067B0D}.Debug|Any CPU.Build.0 = Debug|Any CPU
		{4D0D6853-72A7-4DAC-A663-01DECB067B0D}.Release|Any CPU.ActiveCfg = Release|Any CPU
		{4D0D6853-72A7-4DAC-A663-01DECB067B0D}.Release|Any CPU.Build.0 = Release|Any CPU
	EndGlobalSection
	GlobalSection(SolutionProperties) = preSolution
		HideSolutionNode = FALSE
	EndGlobalSection
	GlobalSection(ExtensibilityGlobals) = postSolution
		SolutionGuid = {8F047495-4779-4A20-8DF2-B3DDF42AC796}
	EndGlobalSection
EndGlobal
